{
  "version": 4,
  "terraform_version": "0.13.5",
  "serial": 182,
  "lineage": "1addf3f4-b5fc-72b4-d080-f40ae17f47e5",
  "outputs": {},
  "resources": [
    {
      "mode": "managed",
      "type": "github_repository",
      "name": "repo-man",
      "provider": "provider[\"registry.terraform.io/hashicorp/github\"]",
      "instances": [
        {
          "schema_version": 0,
          "attributes": {
            "allow_merge_commit": true,
            "allow_rebase_merge": true,
            "allow_squash_merge": true,
            "archived": false,
            "auto_init": true,
            "default_branch": "main",
            "delete_branch_on_merge": false,
            "description": "Github Repository for Workspace",
            "etag": "W/\"fa872255d22c4126c9f9486f1cb93e1d36a2d05870616f981e1e354789076935\"",
            "full_name": "rejackson73/test-workspace-repo",
            "git_clone_url": "git://github.com/rejackson73/test-workspace-repo.git",
            "gitignore_template": null,
            "has_downloads": false,
            "has_issues": false,
            "has_projects": false,
            "has_wiki": false,
            "homepage_url": "",
            "html_url": "https://github.com/rejackson73/test-workspace-repo",
            "http_clone_url": "https://github.com/rejackson73/test-workspace-repo.git",
            "id": "test-workspace-repo",
            "is_template": false,
            "license_template": null,
            "name": "test-workspace-repo",
            "node_id": "MDEwOlJlcG9zaXRvcnkzMTI2MDgwMTc=",
            "private": true,
            "ssh_clone_url": "git@github.com:rejackson73/test-workspace-repo.git",
            "svn_url": "https://github.com/rejackson73/test-workspace-repo",
            "template": [],
            "topics": null,
            "visibility": "private"
          },
          "private": "bnVsbA=="
        }
      ]
    },
    {
      "mode": "managed",
      "type": "tfe_oauth_client",
      "name": "oauth-baby",
      "provider": "provider[\"registry.terraform.io/hashicorp/tfe\"]",
      "instances": [
        {
          "schema_version": 0,
          "attributes": {
            "api_url": "https://api.github.com",
            "http_url": "https://github.com",
            "id": "oc-eujS2JwG7d3GSeqv",
            "oauth_token": "be5f7a6ad4524d7dd9e1954275ea156b333194bc",
            "oauth_token_id": "ot-iQy1hA2auUntueGy",
            "organization": "test-orgy",
            "private_key": null,
            "service_provider": "github"
          },
          "private": "bnVsbA==",
          "dependencies": [
            "tfe_organization.organization"
          ]
        }
      ]
    },
    {
      "mode": "managed",
      "type": "tfe_organization",
      "name": "organization",
      "provider": "provider[\"registry.terraform.io/hashicorp/tfe\"]",
      "instances": [
        {
          "schema_version": 0,
          "attributes": {
            "collaborator_auth_policy": "password",
            "email": "rjackson@hashicorp.com",
            "id": "test-orgy",
            "name": "test-orgy",
            "owners_team_saml_role_id": "",
            "session_remember_minutes": 0,
            "session_timeout_minutes": 0
          },
          "private": "bnVsbA=="
        }
      ]
    },
    {
      "mode": "managed",
      "type": "tfe_policy_set",
      "name": "alongcamepollysee",
      "provider": "provider[\"registry.terraform.io/hashicorp/tfe\"]",
      "instances": [
        {
          "schema_version": 0,
          "attributes": {
            "description": "Managing Polly's access to crackers",
            "global": false,
            "id": "polset-N9WYp557wzoAEQsk",
            "name": "Sentinel-Training",
            "organization": "test-orgy",
            "policies_path": "",
            "policy_ids": null,
            "vcs_repo": [
              {
                "branch": "",
                "identifier": "rejackson73/Sentinel-Training",
                "ingress_submodules": false,
                "oauth_token_id": "ot-iQy1hA2auUntueGy"
              }
            ],
            "workspace_external_ids": [
              "ws-ow1mgmeEhCZxVYUb"
            ],
            "workspace_ids": [
              "ws-ow1mgmeEhCZxVYUb"
            ]
          },
          "private": "bnVsbA==",
          "dependencies": [
            "github_repository.repo-man",
            "tfe_oauth_client.oauth-baby",
            "tfe_organization.organization",
            "tfe_workspace.workspace"
          ]
        }
      ]
    },
    {
      "mode": "managed",
      "type": "tfe_registry_module",
      "name": "filthy-animal",
      "provider": "provider[\"registry.terraform.io/hashicorp/tfe\"]",
      "instances": [
        {
          "schema_version": 0,
          "attributes": {
            "id": "mod-LTzqFUpcDRLTC4pj",
            "module_provider": "demo",
            "name": "animal",
            "organization": "test-orgy",
            "vcs_repo": [
              {
                "display_identifier": "rejackson73/terraform-demo-animal",
                "identifier": "rejackson73/terraform-demo-animal",
                "oauth_token_id": "ot-iQy1hA2auUntueGy"
              }
            ]
          },
          "private": "bnVsbA==",
          "dependencies": [
            "tfe_oauth_client.oauth-baby",
            "tfe_organization.organization"
          ]
        }
      ]
    },
    {
      "mode": "managed",
      "type": "tfe_team",
      "name": "teams",
      "provider": "provider[\"registry.terraform.io/hashicorp/tfe\"]",
      "instances": [
        {
          "index_key": "dev",
          "schema_version": 0,
          "attributes": {
            "id": "team-S9WWXg75YuRzzzDz",
            "name": "dev",
            "organization": "test-orgy",
            "organization_access": [
              {
                "manage_policies": false,
                "manage_vcs_settings": false,
                "manage_workspaces": false
              }
            ],
            "visibility": "secret"
          },
          "private": "bnVsbA==",
          "dependencies": [
            "tfe_organization.organization"
          ]
        },
        {
          "index_key": "prod",
          "schema_version": 0,
          "attributes": {
            "id": "team-qB7cY7zcMjK4t56J",
            "name": "prod",
            "organization": "test-orgy",
            "organization_access": [
              {
                "manage_policies": false,
                "manage_vcs_settings": false,
                "manage_workspaces": false
              }
            ],
            "visibility": "secret"
          },
          "private": "bnVsbA==",
          "dependencies": [
            "tfe_organization.organization"
          ]
        },
        {
          "index_key": "test",
          "schema_version": 0,
          "attributes": {
            "id": "team-Ha2ZYfdSQbkjdPFp",
            "name": "test",
            "organization": "test-orgy",
            "organization_access": [
              {
                "manage_policies": false,
                "manage_vcs_settings": false,
                "manage_workspaces": false
              }
            ],
            "visibility": "secret"
          },
          "private": "bnVsbA==",
          "dependencies": [
            "tfe_organization.organization"
          ]
        }
      ]
    },
    {
      "mode": "managed",
      "type": "tfe_workspace",
      "name": "workspace",
      "provider": "provider[\"registry.terraform.io/hashicorp/tfe\"]",
      "instances": [
        {
          "schema_version": 1,
          "attributes": {
            "auto_apply": false,
            "external_id": "ws-ow1mgmeEhCZxVYUb",
            "file_triggers_enabled": true,
            "id": "ws-ow1mgmeEhCZxVYUb",
            "name": "test-workspace",
            "operations": true,
            "organization": "test-orgy",
            "queue_all_runs": true,
            "speculative_enabled": true,
            "ssh_key_id": "",
            "terraform_version": "0.13.0",
            "trigger_prefixes": null,
            "vcs_repo": [
              {
                "branch": "",
                "identifier": "rejackson73/test-workspace-repo",
                "ingress_submodules": false,
                "oauth_token_id": "ot-iQy1hA2auUntueGy"
              }
            ],
            "working_directory": ""
          },
          "private": "eyJzY2hlbWFfdmVyc2lvbiI6IjEifQ==",
          "dependencies": [
            "github_repository.repo-man",
            "tfe_oauth_client.oauth-baby",
            "tfe_organization.organization"
          ]
        }
      ]
    }
  ]
}
